
Microsoft Visual Studio Solution File, Format Version 12.00
Project("{FAE04EC0-301F-11D3-BF4B-00C04F79EFBC}") = "practical_1_tests", "practical_1_tests\practical_1_tests.csproj", "{6CC84D0D-42EF-448C-9D2E-F4B19D51C6E6}"
EndProject
Project("{FAE04EC0-301F-11D3-BF4B-00C04F79EFBC}") = "practical_1", "practical_1\practical_1.csproj", "{52DBD8C8-3BB4-45FD-A49C-4504031A58BB}"
EndProject
Global
	GlobalSection(SolutionConfigurationPlatforms) = preSolution
		Debug|Any CPU = Debug|Any CPU
		Release|Any CPU = Release|Any CPU
	EndGlobalSection
	GlobalSection(ProjectConfigurationPlatforms) = postSolution
		{6CC84D0D-42EF-448C-9D2E-F4B19D51C6E6}.Debug|Any CPU.ActiveCfg = Debug|Any CPU
		{6CC84D0D-42EF-448C-9D2E-F4B19D51C6E6}.Debug|Any CPU.Build.0 = Debug|Any CPU
		{6CC84D0D-42EF-448C-9D2E-F4B19D51C6E6}.Release|Any CPU.ActiveCfg = Release|Any CPU
		{6CC84D0D-42EF-448C-9D2E-F4B19D51C6E6}.Release|Any CPU.Build.0 = Release|Any CPU
		{52DBD8C8-3BB4-45FD-A49C-4504031A58BB}.Debug|Any CPU.ActiveCfg = Debug|Any CPU
		{52DBD8C8-3BB4-45FD-A49C-4504031A58BB}.Debug|Any CPU.Build.0 = Debug|Any CPU
		{52DBD8C8-3BB4-45FD-A49C-4504031A58BB}.Release|Any CPU.ActiveCfg = Release|Any CPU
		{52DBD8C8-3BB4-45FD-A49C-4504031A58BB}.Release|Any CPU.Build.0 = Release|Any CPU
	EndGlobalSection
EndGlobal
